
Microsoft Visual Studio Solution File, Format Version 12.00
# Visual Studio 15
VisualStudioVersion = 15.0.28307.271
MinimumVisualStudioVersion = 10.0.40219.1
Project("{888888A0-9F3D-457C-B088-3A5042F75D52}") = "EcobeeAPI", "EcobeeAPI\EcobeeAPI.pyproj", "{9969E0AB-65B6-4E2F-8DBE-1760D47150C8}"
EndProject
Project("{2150E333-8FDC-42A3-9474-1A3956D46DE8}") = "Solution Items", "Solution Items", "{2ADDA204-FB4F-4C5B-9B22-E19F5CE1338E}"
EndProject
Global
	GlobalSection(SolutionConfigurationPlatforms) = preSolution
		Debug|Any CPU = Debug|Any CPU
		Release|Any CPU = Release|Any CPU
	EndGlobalSection
	GlobalSection(ProjectConfigurationPlatforms) = postSolution
		{9969E0AB-65B6-4E2F-8DBE-1760D47150C8}.Debug|Any CPU.ActiveCfg = Debug|Any CPU
		{9969E0AB-65B6-4E2F-8DBE-1760D47150C8}.Release|Any CPU.ActiveCfg = Release|Any CPU
	EndGlobalSection
	GlobalSection(SolutionProperties) = preSolution
		HideSolutionNode = FALSE
	EndGlobalSection
	GlobalSection(ExtensibilityGlobals) = postSolution
		SolutionGuid = {6C9731BD-CBB2-4057-A45C-9272D6574588}
	EndGlobalSection
EndGlobal
